// !$*UTF8*$!
{
	archiveVersion = 1;
	classes = {
	};
	objectVersion = 46;
	objects = {

/* Begin PBXBuildFile section */
		8426F6181F2CB40300B3B5D3 /* GameBriefData.m in Sources */ = {isa = PBXBuildFile; fileRef = 8426F6171F2CB40300B3B5D3 /* GameBriefData.m */; };
		8426F61B1F2CB57B00B3B5D3 /* GameCell.m in Sources */ = {isa = PBXBuildFile; fileRef = 8426F61A1F2CB57B00B3B5D3 /* GameCell.m */; };
		8426F6241F2D17C300B3B5D3 /* GameShowViewController.m in Sources */ = {isa = PBXBuildFile; fileRef = 8426F6231F2D17C300B3B5D3 /* GameShowViewController.m */; };
		8472FC9515315DDFFD082317 /* libPods-AppodealTestingUITests.a in Frameworks */ = {isa = PBXBuildFile; fileRef = B0AEE8E2D1360477DACEFB25 /* libPods-AppodealTestingUITests.a */; };
		84FA40C81F2E11CD0028875E /* igdbAPIConnection.m in Sources */ = {isa = PBXBuildFile; fileRef = 84FA40C71F2E11CD0028875E /* igdbAPIConnection.m */; };
		BB93393AB31DDE81000D5443 /* libPods-AppodealTesting.a in Frameworks */ = {isa = PBXBuildFile; fileRef = FA1032A31DD23D75D2511A11 /* libPods-AppodealTesting.a */; };
		C260C6FEDED5C97D528F0238 /* libPods-AppodealTestingTests.a in Frameworks */ = {isa = PBXBuildFile; fileRef = 0002AB9005F0C0C7801A487B /* libPods-AppodealTestingTests.a */; };
		ED9058351F27BBEB00AE3059 /* main.m in Sources */ = {isa = PBXBuildFile; fileRef = ED9058341F27BBEB00AE3059 /* main.m */; };
		ED9058381F27BBEB00AE3059 /* AppDelegate.m in Sources */ = {isa = PBXBuildFile; fileRef = ED9058371F27BBEB00AE3059 /* AppDelegate.m */; };
		ED90583B1F27BBEB00AE3059 /* ViewController.m in Sources */ = {isa = PBXBuildFile; fileRef = ED90583A1F27BBEB00AE3059 /* ViewController.m */; };
		ED90583E1F27BBEB00AE3059 /* Main.storyboard in Resources */ = {isa = PBXBuildFile; fileRef = ED90583C1F27BBEB00AE3059 /* Main.storyboard */; };
		ED9058401F27BBEB00AE3059 /* Assets.xcassets in Resources */ = {isa = PBXBuildFile; fileRef = ED90583F1F27BBEB00AE3059 /* Assets.xcassets */; };
		ED9058431F27BBEB00AE3059 /* LaunchScreen.storyboard in Resources */ = {isa = PBXBuildFile; fileRef = ED9058411F27BBEB00AE3059 /* LaunchScreen.storyboard */; };
		ED90584E1F27BBEB00AE3059 /* AppodealTestingTests.m in Sources */ = {isa = PBXBuildFile; fileRef = ED90584D1F27BBEB00AE3059 /* AppodealTestingTests.m */; };
		ED9058591F27BBEB00AE3059 /* AppodealTestingUITests.m in Sources */ = {isa = PBXBuildFile; fileRef = ED9058581F27BBEB00AE3059 /* AppodealTestingUITests.m */; };
		ED90586B1F27BFD200AE3059 /* CollectionViewController.m in Sources */ = {isa = PBXBuildFile; fileRef = ED90586A1F27BFD200AE3059 /* CollectionViewController.m */; };
		ED9058CC1F27CC0400AE3059 /* photo-frame.png in Resources */ = {isa = PBXBuildFile; fileRef = ED9058CB1F27CC0400AE3059 /* photo-frame.png */; };
/* End PBXBuildFile section */

/* Begin PBXContainerItemProxy section */
		ED90584A1F27BBEB00AE3059 /* PBXContainerItemProxy */ = {
			isa = PBXContainerItemProxy;
			containerPortal = ED9058281F27BBEB00AE3059 /* Project object */;
			proxyType = 1;
			remoteGlobalIDString = ED90582F1F27BBEB00AE3059;
			remoteInfo = AppodealTesting;
		};
		ED9058551F27BBEB00AE3059 /* PBXContainerItemProxy */ = {
			isa = PBXContainerItemProxy;
			containerPortal = ED9058281F27BBEB00AE3059 /* Project object */;
			proxyType = 1;
			remoteGlobalIDString = ED90582F1F27BBEB00AE3059;
			remoteInfo = AppodealTesting;
		};
/* End PBXContainerItemProxy section */

/* Begin PBXFileReference section */
		0002AB9005F0C0C7801A487B /* libPods-AppodealTestingTests.a */ = {isa = PBXFileReference; explicitFileType = archive.ar; includeInIndex = 0; path = "libPods-AppodealTestingTests.a"; sourceTree = BUILT_PRODUCTS_DIR; };
		0F1F7B8F4E9BF02BC01DA62F /* Pods-AppodealTestingTests.release.xcconfig */ = {isa = PBXFileReference; includeInIndex = 1; lastKnownFileType = text.xcconfig; name = "Pods-AppodealTestingTests.release.xcconfig"; path = "Pods/Target Support Files/Pods-AppodealTestingTests/Pods-AppodealTestingTests.release.xcconfig"; sourceTree = "<group>"; };
		11BCA738B26E224B441A3628 /* Pods-AppodealTestingTests.debug.xcconfig */ = {isa = PBXFileReference; includeInIndex = 1; lastKnownFileType = text.xcconfig; name = "Pods-AppodealTestingTests.debug.xcconfig"; path = "Pods/Target Support Files/Pods-AppodealTestingTests/Pods-AppodealTestingTests.debug.xcconfig"; sourceTree = "<group>"; };
		36DFE9B2E8EB5774AE3DDC12 /* Pods-AppodealTesting.debug.xcconfig */ = {isa = PBXFileReference; includeInIndex = 1; lastKnownFileType = text.xcconfig; name = "Pods-AppodealTesting.debug.xcconfig"; path = "Pods/Target Support Files/Pods-AppodealTesting/Pods-AppodealTesting.debug.xcconfig"; sourceTree = "<group>"; };
		8426F6161F2CB40300B3B5D3 /* GameBriefData.h */ = {isa = PBXFileReference; fileEncoding = 4; lastKnownFileType = sourcecode.c.h; path = GameBriefData.h; sourceTree = "<group>"; };
		8426F6171F2CB40300B3B5D3 /* GameBriefData.m */ = {isa = PBXFileReference; fileEncoding = 4; lastKnownFileType = sourcecode.c.objc; path = GameBriefData.m; sourceTree = "<group>"; };
		8426F6191F2CB57B00B3B5D3 /* GameCell.h */ = {isa = PBXFileReference; fileEncoding = 4; lastKnownFileType = sourcecode.c.h; path = GameCell.h; sourceTree = "<group>"; };
		8426F61A1F2CB57B00B3B5D3 /* GameCell.m */ = {isa = PBXFileReference; fileEncoding = 4; lastKnownFileType = sourcecode.c.objc; path = GameCell.m; sourceTree = "<group>"; };
		8426F6221F2D17C300B3B5D3 /* GameShowViewController.h */ = {isa = PBXFileReference; fileEncoding = 4; lastKnownFileType = sourcecode.c.h; path = GameShowViewController.h; sourceTree = "<group>"; };
		8426F6231F2D17C300B3B5D3 /* GameShowViewController.m */ = {isa = PBXFileReference; fileEncoding = 4; lastKnownFileType = sourcecode.c.objc; path = GameShowViewController.m; sourceTree = "<group>"; };
		84FA40C61F2E11CD0028875E /* igdbAPIConnection.h */ = {isa = PBXFileReference; fileEncoding = 4; lastKnownFileType = sourcecode.c.h; path = igdbAPIConnection.h; sourceTree = "<group>"; };
		84FA40C71F2E11CD0028875E /* igdbAPIConnection.m */ = {isa = PBXFileReference; fileEncoding = 4; lastKnownFileType = sourcecode.c.objc; path = igdbAPIConnection.m; sourceTree = "<group>"; };
		B0AEE8E2D1360477DACEFB25 /* libPods-AppodealTestingUITests.a */ = {isa = PBXFileReference; explicitFileType = archive.ar; includeInIndex = 0; path = "libPods-AppodealTestingUITests.a"; sourceTree = BUILT_PRODUCTS_DIR; };
		BA389C4BF16F742FFE1BD5D6 /* Pods-AppodealTesting.release.xcconfig */ = {isa = PBXFileReference; includeInIndex = 1; lastKnownFileType = text.xcconfig; name = "Pods-AppodealTesting.release.xcconfig"; path = "Pods/Target Support Files/Pods-AppodealTesting/Pods-AppodealTesting.release.xcconfig"; sourceTree = "<group>"; };
		EA90216289CF008D970EEEC7 /* Pods-AppodealTestingUITests.debug.xcconfig */ = {isa = PBXFileReference; includeInIndex = 1; lastKnownFileType = text.xcconfig; name = "Pods-AppodealTestingUITests.debug.xcconfig"; path = "Pods/Target Support Files/Pods-AppodealTestingUITests/Pods-AppodealTestingUITests.debug.xcconfig"; sourceTree = "<group>"; };
		ED9058301F27BBEB00AE3059 /* AppodealTesting.app */ = {isa = PBXFileReference; explicitFileType = wrapper.application; includeInIndex = 0; path = AppodealTesting.app; sourceTree = BUILT_PRODUCTS_DIR; };
		ED9058341F27BBEB00AE3059 /* main.m */ = {isa = PBXFileReference; lastKnownFileType = sourcecode.c.objc; path = main.m; sourceTree = "<group>"; };
		ED9058361F27BBEB00AE3059 /* AppDelegate.h */ = {isa = PBXFileReference; lastKnownFileType = sourcecode.c.h; path = AppDelegate.h; sourceTree = "<group>"; };
		ED9058371F27BBEB00AE3059 /* AppDelegate.m */ = {isa = PBXFileReference; lastKnownFileType = sourcecode.c.objc; path = AppDelegate.m; sourceTree = "<group>"; };
		ED9058391F27BBEB00AE3059 /* ViewController.h */ = {isa = PBXFileReference; lastKnownFileType = sourcecode.c.h; path = ViewController.h; sourceTree = "<group>"; };
		ED90583A1F27BBEB00AE3059 /* ViewController.m */ = {isa = PBXFileReference; lastKnownFileType = sourcecode.c.objc; path = ViewController.m; sourceTree = "<group>"; };
		ED90583D1F27BBEB00AE3059 /* Base */ = {isa = PBXFileReference; lastKnownFileType = file.storyboard; name = Base; path = Base.lproj/Main.storyboard; sourceTree = "<group>"; };
		ED90583F1F27BBEB00AE3059 /* Assets.xcassets */ = {isa = PBXFileReference; lastKnownFileType = folder.assetcatalog; path = Assets.xcassets; sourceTree = "<group>"; };
		ED9058421F27BBEB00AE3059 /* Base */ = {isa = PBXFileReference; lastKnownFileType = file.storyboard; name = Base; path = Base.lproj/LaunchScreen.storyboard; sourceTree = "<group>"; };
		ED9058441F27BBEB00AE3059 /* Info.plist */ = {isa = PBXFileReference; lastKnownFileType = text.plist.xml; path = Info.plist; sourceTree = "<group>"; };
		ED9058491F27BBEB00AE3059 /* AppodealTestingTests.xctest */ = {isa = PBXFileReference; explicitFileType = wrapper.cfbundle; includeInIndex = 0; path = AppodealTestingTests.xctest; sourceTree = BUILT_PRODUCTS_DIR; };
		ED90584D1F27BBEB00AE3059 /* AppodealTestingTests.m */ = {isa = PBXFileReference; lastKnownFileType = sourcecode.c.objc; path = AppodealTestingTests.m; sourceTree = "<group>"; };
		ED90584F1F27BBEB00AE3059 /* Info.plist */ = {isa = PBXFileReference; lastKnownFileType = text.plist.xml; path = Info.plist; sourceTree = "<group>"; };
		ED9058541F27BBEB00AE3059 /* AppodealTestingUITests.xctest */ = {isa = PBXFileReference; explicitFileType = wrapper.cfbundle; includeInIndex = 0; path = AppodealTestingUITests.xctest; sourceTree = BUILT_PRODUCTS_DIR; };
		ED9058581F27BBEB00AE3059 /* AppodealTestingUITests.m */ = {isa = PBXFileReference; lastKnownFileType = sourcecode.c.objc; path = AppodealTestingUITests.m; sourceTree = "<group>"; };
		ED90585A1F27BBEB00AE3059 /* Info.plist */ = {isa = PBXFileReference; lastKnownFileType = text.plist.xml; path = Info.plist; sourceTree = "<group>"; };
		ED9058691F27BFD200AE3059 /* CollectionViewController.h */ = {isa = PBXFileReference; fileEncoding = 4; lastKnownFileType = sourcecode.c.h; path = CollectionViewController.h; sourceTree = "<group>"; };
		ED90586A1F27BFD200AE3059 /* CollectionViewController.m */ = {isa = PBXFileReference; fileEncoding = 4; lastKnownFileType = sourcecode.c.objc; path = CollectionViewController.m; sourceTree = "<group>"; };
		ED9058CB1F27CC0400AE3059 /* photo-frame.png */ = {isa = PBXFileReference; lastKnownFileType = image.png; path = "photo-frame.png"; sourceTree = "<group>"; };
		F88B9C8F28D11F9C257A204C /* Pods-AppodealTestingUITests.release.xcconfig */ = {isa = PBXFileReference; includeInIndex = 1; lastKnownFileType = text.xcconfig; name = "Pods-AppodealTestingUITests.release.xcconfig"; path = "Pods/Target Support Files/Pods-AppodealTestingUITests/Pods-AppodealTestingUITests.release.xcconfig"; sourceTree = "<group>"; };
		FA1032A31DD23D75D2511A11 /* libPods-AppodealTesting.a */ = {isa = PBXFileReference; explicitFileType = archive.ar; includeInIndex = 0; path = "libPods-AppodealTesting.a"; sourceTree = BUILT_PRODUCTS_DIR; };
/* End PBXFileReference section */

/* Begin PBXFrameworksBuildPhase section */
		ED90582D1F27BBEB00AE3059 /* Frameworks */ = {
			isa = PBXFrameworksBuildPhase;
			buildActionMask = 2147483647;
			files = (
				BB93393AB31DDE81000D5443 /* libPods-AppodealTesting.a in Frameworks */,
			);
			runOnlyForDeploymentPostprocessing = 0;
		};
		ED9058461F27BBEB00AE3059 /* Frameworks */ = {
			isa = PBXFrameworksBuildPhase;
			buildActionMask = 2147483647;
			files = (
				C260C6FEDED5C97D528F0238 /* libPods-AppodealTestingTests.a in Frameworks */,
			);
			runOnlyForDeploymentPostprocessing = 0;
		};
		ED9058511F27BBEB00AE3059 /* Frameworks */ = {
			isa = PBXFrameworksBuildPhase;
			buildActionMask = 2147483647;
			files = (
				8472FC9515315DDFFD082317 /* libPods-AppodealTestingUITests.a in Frameworks */,
			);
			runOnlyForDeploymentPostprocessing = 0;
		};
/* End PBXFrameworksBuildPhase section */

/* Begin PBXGroup section */
		344E997146B45D477CD7C8EE /* Pods */ = {
			isa = PBXGroup;
			children = (
				36DFE9B2E8EB5774AE3DDC12 /* Pods-AppodealTesting.debug.xcconfig */,
				BA389C4BF16F742FFE1BD5D6 /* Pods-AppodealTesting.release.xcconfig */,
				11BCA738B26E224B441A3628 /* Pods-AppodealTestingTests.debug.xcconfig */,
				0F1F7B8F4E9BF02BC01DA62F /* Pods-AppodealTestingTests.release.xcconfig */,
				EA90216289CF008D970EEEC7 /* Pods-AppodealTestingUITests.debug.xcconfig */,
				F88B9C8F28D11F9C257A204C /* Pods-AppodealTestingUITests.release.xcconfig */,
			);
			name = Pods;
			sourceTree = "<group>";
		};
		ED9058271F27BBEB00AE3059 = {
			isa = PBXGroup;
			children = (
				ED9058321F27BBEB00AE3059 /* AppodealTesting */,
				ED90584C1F27BBEB00AE3059 /* AppodealTestingTests */,
				ED9058571F27BBEB00AE3059 /* AppodealTestingUITests */,
				ED9058311F27BBEB00AE3059 /* Products */,
				344E997146B45D477CD7C8EE /* Pods */,
				FBDAA4566FB1844CDEE66C45 /* Frameworks */,
			);
			sourceTree = "<group>";
		};
		ED9058311F27BBEB00AE3059 /* Products */ = {
			isa = PBXGroup;
			children = (
				ED9058301F27BBEB00AE3059 /* AppodealTesting.app */,
				ED9058491F27BBEB00AE3059 /* AppodealTestingTests.xctest */,
				ED9058541F27BBEB00AE3059 /* AppodealTestingUITests.xctest */,
			);
			name = Products;
			sourceTree = "<group>";
		};
		ED9058321F27BBEB00AE3059 /* AppodealTesting */ = {
			isa = PBXGroup;
			children = (
				ED9058CB1F27CC0400AE3059 /* photo-frame.png */,
				ED9058361F27BBEB00AE3059 /* AppDelegate.h */,
				ED9058371F27BBEB00AE3059 /* AppDelegate.m */,
				ED9058391F27BBEB00AE3059 /* ViewController.h */,
				ED90583A1F27BBEB00AE3059 /* ViewController.m */,
				ED90583C1F27BBEB00AE3059 /* Main.storyboard */,
				ED90583F1F27BBEB00AE3059 /* Assets.xcassets */,
				ED9058411F27BBEB00AE3059 /* LaunchScreen.storyboard */,
				ED9058441F27BBEB00AE3059 /* Info.plist */,
				ED9058331F27BBEB00AE3059 /* Supporting Files */,
				ED9058691F27BFD200AE3059 /* CollectionViewController.h */,
				ED90586A1F27BFD200AE3059 /* CollectionViewController.m */,
				8426F6161F2CB40300B3B5D3 /* GameBriefData.h */,
				8426F6171F2CB40300B3B5D3 /* GameBriefData.m */,
				8426F6191F2CB57B00B3B5D3 /* GameCell.h */,
				8426F61A1F2CB57B00B3B5D3 /* GameCell.m */,
				8426F6221F2D17C300B3B5D3 /* GameShowViewController.h */,
				8426F6231F2D17C300B3B5D3 /* GameShowViewController.m */,
				84FA40C61F2E11CD0028875E /* igdbAPIConnection.h */,
				84FA40C71F2E11CD0028875E /* igdbAPIConnection.m */,
			);
			path = AppodealTesting;
			sourceTree = "<group>";
		};
		ED9058331F27BBEB00AE3059 /* Supporting Files */ = {
			isa = PBXGroup;
			children = (
				ED9058341F27BBEB00AE3059 /* main.m */,
			);
			name = "Supporting Files";
			sourceTree = "<group>";
		};
		ED90584C1F27BBEB00AE3059 /* AppodealTestingTests */ = {
			isa = PBXGroup;
			children = (
				ED90584D1F27BBEB00AE3059 /* AppodealTestingTests.m */,
				ED90584F1F27BBEB00AE3059 /* Info.plist */,
			);
			path = AppodealTestingTests;
			sourceTree = "<group>";
		};
		ED9058571F27BBEB00AE3059 /* AppodealTestingUITests */ = {
			isa = PBXGroup;
			children = (
				ED9058581F27BBEB00AE3059 /* AppodealTestingUITests.m */,
				ED90585A1F27BBEB00AE3059 /* Info.plist */,
			);
			path = AppodealTestingUITests;
			sourceTree = "<group>";
		};
		FBDAA4566FB1844CDEE66C45 /* Frameworks */ = {
			isa = PBXGroup;
			children = (
				FA1032A31DD23D75D2511A11 /* libPods-AppodealTesting.a */,
				0002AB9005F0C0C7801A487B /* libPods-AppodealTestingTests.a */,
				B0AEE8E2D1360477DACEFB25 /* libPods-AppodealTestingUITests.a */,
			);
			name = Frameworks;
			sourceTree = "<group>";
		};
/* End PBXGroup section */

/* Begin PBXNativeTarget section */
		ED90582F1F27BBEB00AE3059 /* AppodealTesting */ = {
			isa = PBXNativeTarget;
			buildConfigurationList = ED90585D1F27BBEB00AE3059 /* Build configuration list for PBXNativeTarget "AppodealTesting" */;
			buildPhases = (
				EFEA511E9A7A62518C4D61F7 /* [CP] Check Pods Manifest.lock */,
				ED90582C1F27BBEB00AE3059 /* Sources */,
				ED90582D1F27BBEB00AE3059 /* Frameworks */,
				ED90582E1F27BBEB00AE3059 /* Resources */,
				572AAA8D9E7A758ECFDA7AA8 /* [CP] Embed Pods Frameworks */,
				E84FAC9B0E441D16B0916463 /* [CP] Copy Pods Resources */,
			);
			buildRules = (
			);
			dependencies = (
			);
			name = AppodealTesting;
			productName = AppodealTesting;
			productReference = ED9058301F27BBEB00AE3059 /* AppodealTesting.app */;
			productType = "com.apple.product-type.application";
		};
		ED9058481F27BBEB00AE3059 /* AppodealTestingTests */ = {
			isa = PBXNativeTarget;
			buildConfigurationList = ED9058601F27BBEB00AE3059 /* Build configuration list for PBXNativeTarget "AppodealTestingTests" */;
			buildPhases = (
				7B3A3C5E18DCB409453CC042 /* [CP] Check Pods Manifest.lock */,
				ED9058451F27BBEB00AE3059 /* Sources */,
				ED9058461F27BBEB00AE3059 /* Frameworks */,
				ED9058471F27BBEB00AE3059 /* Resources */,
				55D67D34991DE2F9308159A9 /* [CP] Embed Pods Frameworks */,
				46AB28FF53E0A66D5AA42D32 /* [CP] Copy Pods Resources */,
			);
			buildRules = (
			);
			dependencies = (
				ED90584B1F27BBEB00AE3059 /* PBXTargetDependency */,
			);
			name = AppodealTestingTests;
			productName = AppodealTestingTests;
			productReference = ED9058491F27BBEB00AE3059 /* AppodealTestingTests.xctest */;
			productType = "com.apple.product-type.bundle.unit-test";
		};
		ED9058531F27BBEB00AE3059 /* AppodealTestingUITests */ = {
			isa = PBXNativeTarget;
			buildConfigurationList = ED9058631F27BBEB00AE3059 /* Build configuration list for PBXNativeTarget "AppodealTestingUITests" */;
			buildPhases = (
				1B2FEF7D0608AF76F1850807 /* [CP] Check Pods Manifest.lock */,
				ED9058501F27BBEB00AE3059 /* Sources */,
				ED9058511F27BBEB00AE3059 /* Frameworks */,
				ED9058521F27BBEB00AE3059 /* Resources */,
				FEBCEB75FDF8768BE1963984 /* [CP] Embed Pods Frameworks */,
				48DC9C64E7FE3503C4962A5E /* [CP] Copy Pods Resources */,
			);
			buildRules = (
			);
			dependencies = (
				ED9058561F27BBEB00AE3059 /* PBXTargetDependency */,
			);
			name = AppodealTestingUITests;
			productName = AppodealTestingUITests;
			productReference = ED9058541F27BBEB00AE3059 /* AppodealTestingUITests.xctest */;
			productType = "com.apple.product-type.bundle.ui-testing";
		};
/* End PBXNativeTarget section */

/* Begin PBXProject section */
		ED9058281F27BBEB00AE3059 /* Project object */ = {
			isa = PBXProject;
			attributes = {
				LastUpgradeCheck = 0830;
				ORGANIZATIONNAME = appodeal;
				TargetAttributes = {
					ED90582F1F27BBEB00AE3059 = {
						CreatedOnToolsVersion = 8.3.3;
						ProvisioningStyle = Automatic;
					};
					ED9058481F27BBEB00AE3059 = {
						CreatedOnToolsVersion = 8.3.3;
						ProvisioningStyle = Automatic;
						TestTargetID = ED90582F1F27BBEB00AE3059;
					};
					ED9058531F27BBEB00AE3059 = {
						CreatedOnToolsVersion = 8.3.3;
						ProvisioningStyle = Automatic;
						TestTargetID = ED90582F1F27BBEB00AE3059;
					};
				};
			};
			buildConfigurationList = ED90582B1F27BBEB00AE3059 /* Build configuration list for PBXProject "AppodealTesting" */;
			compatibilityVersion = "Xcode 3.2";
			developmentRegion = English;
			hasScannedForEncodings = 0;
			knownRegions = (
				en,
				Base,
			);
			mainGroup = ED9058271F27BBEB00AE3059;
			productRefGroup = ED9058311F27BBEB00AE3059 /* Products */;
			projectDirPath = "";
			projectRoot = "";
			targets = (
				ED90582F1F27BBEB00AE3059 /* AppodealTesting */,
				ED9058481F27BBEB00AE3059 /* AppodealTestingTests */,
				ED9058531F27BBEB00AE3059 /* AppodealTestingUITests */,
			);
		};
/* End PBXProject section */

/* Begin PBXResourcesBuildPhase section */
		ED90582E1F27BBEB00AE3059 /* Resources */ = {
			isa = PBXResourcesBuildPhase;
			buildActionMask = 2147483647;
			files = (
				ED9058431F27BBEB00AE3059 /* LaunchScreen.storyboard in Resources */,
				ED9058CC1F27CC0400AE3059 /* photo-frame.png in Resources */,
				ED9058401F27BBEB00AE3059 /* Assets.xcassets in Resources */,
				ED90583E1F27BBEB00AE3059 /* Main.storyboard in Resources */,
			);
			runOnlyForDeploymentPostprocessing = 0;
		};
		ED9058471F27BBEB00AE3059 /* Resources */ = {
			isa = PBXResourcesBuildPhase;
			buildActionMask = 2147483647;
			files = (
			);
			runOnlyForDeploymentPostprocessing = 0;
		};
		ED9058521F27BBEB00AE3059 /* Resources */ = {
			isa = PBXResourcesBuildPhase;
			buildActionMask = 2147483647;
			files = (
			);
			runOnlyForDeploymentPostprocessing = 0;
		};
/* End PBXResourcesBuildPhase section */

/* Begin PBXShellScriptBuildPhase section */
		1B2FEF7D0608AF76F1850807 /* [CP] Check Pods Manifest.lock */ = {
			isa = PBXShellScriptBuildPhase;
			buildActionMask = 2147483647;
			files = (
			);
			inputPaths = (
			);
			name = "[CP] Check Pods Manifest.lock";
			outputPaths = (
			);
			runOnlyForDeploymentPostprocessing = 0;
			shellPath = /bin/sh;
			shellScript = "diff \"${PODS_PODFILE_DIR_PATH}/Podfile.lock\" \"${PODS_ROOT}/Manifest.lock\" > /dev/null\nif [ $? != 0 ] ; then\n    # print error to STDERR\n    echo \"error: The sandbox is not in sync with the Podfile.lock. Run 'pod install' or update your CocoaPods installation.\" >&2\n    exit 1\nfi\n";
			showEnvVarsInLog = 0;
		};
		46AB28FF53E0A66D5AA42D32 /* [CP] Copy Pods Resources */ = {
			isa = PBXShellScriptBuildPhase;
			buildActionMask = 2147483647;
			files = (
			);
			inputPaths = (
			);
			name = "[CP] Copy Pods Resources";
			outputPaths = (
			);
			runOnlyForDeploymentPostprocessing = 0;
			shellPath = /bin/sh;
			shellScript = "\"${SRCROOT}/Pods/Target Support Files/Pods-AppodealTestingTests/Pods-AppodealTestingTests-resources.sh\"\n";
			showEnvVarsInLog = 0;
		};
		48DC9C64E7FE3503C4962A5E /* [CP] Copy Pods Resources */ = {
			isa = PBXShellScriptBuildPhase;
			buildActionMask = 2147483647;
			files = (
			);
			inputPaths = (
			);
			name = "[CP] Copy Pods Resources";
			outputPaths = (
			);
			runOnlyForDeploymentPostprocessing = 0;
			shellPath = /bin/sh;
			shellScript = "\"${SRCROOT}/Pods/Target Support Files/Pods-AppodealTestingUITests/Pods-AppodealTestingUITests-resources.sh\"\n";
			showEnvVarsInLog = 0;
		};
		55D67D34991DE2F9308159A9 /* [CP] Embed Pods Frameworks */ = {
			isa = PBXShellScriptBuildPhase;
			buildActionMask = 2147483647;
			files = (
			);
			inputPaths = (
			);
			name = "[CP] Embed Pods Frameworks";
			outputPaths = (
			);
			runOnlyForDeploymentPostprocessing = 0;
			shellPath = /bin/sh;
			shellScript = "\"${SRCROOT}/Pods/Target Support Files/Pods-AppodealTestingTests/Pods-AppodealTestingTests-frameworks.sh\"\n";
			showEnvVarsInLog = 0;
		};
		572AAA8D9E7A758ECFDA7AA8 /* [CP] Embed Pods Frameworks */ = {
			isa = PBXShellScriptBuildPhase;
			buildActionMask = 2147483647;
			files = (
			);
			inputPaths = (
			);
			name = "[CP] Embed Pods Frameworks";
			outputPaths = (
			);
			runOnlyForDeploymentPostprocessing = 0;
			shellPath = /bin/sh;
			shellScript = "\"${SRCROOT}/Pods/Target Support Files/Pods-AppodealTesting/Pods-AppodealTesting-frameworks.sh\"\n";
			showEnvVarsInLog = 0;
		};
		7B3A3C5E18DCB409453CC042 /* [CP] Check Pods Manifest.lock */ = {
			isa = PBXShellScriptBuildPhase;
			buildActionMask = 2147483647;
			files = (
			);
			inputPaths = (
			);
			name = "[CP] Check Pods Manifest.lock";
			outputPaths = (
			);
			runOnlyForDeploymentPostprocessing = 0;
			shellPath = /bin/sh;
			shellScript = "diff \"${PODS_PODFILE_DIR_PATH}/Podfile.lock\" \"${PODS_ROOT}/Manifest.lock\" > /dev/null\nif [ $? != 0 ] ; then\n    # print error to STDERR\n    echo \"error: The sandbox is not in sync with the Podfile.lock. Run 'pod install' or update your CocoaPods installation.\" >&2\n    exit 1\nfi\n";
			showEnvVarsInLog = 0;
		};
		E84FAC9B0E441D16B0916463 /* [CP] Copy Pods Resources */ = {
			isa = PBXShellScriptBuildPhase;
			buildActionMask = 2147483647;
			files = (
			);
			inputPaths = (
			);
			name = "[CP] Copy Pods Resources";
			outputPaths = (
			);
			runOnlyForDeploymentPostprocessing = 0;
			shellPath = /bin/sh;
			shellScript = "\"${SRCROOT}/Pods/Target Support Files/Pods-AppodealTesting/Pods-AppodealTesting-resources.sh\"\n";
			showEnvVarsInLog = 0;
		};
		EFEA511E9A7A62518C4D61F7 /* [CP] Check Pods Manifest.lock */ = {
			isa = PBXShellScriptBuildPhase;
			buildActionMask = 2147483647;
			files = (
			);
			inputPaths = (
			);
			name = "[CP] Check Pods Manifest.lock";
			outputPaths = (
			);
			runOnlyForDeploymentPostprocessing = 0;
			shellPath = /bin/sh;
			shellScript = "diff \"${PODS_PODFILE_DIR_PATH}/Podfile.lock\" \"${PODS_ROOT}/Manifest.lock\" > /dev/null\nif [ $? != 0 ] ; then\n    # print error to STDERR\n    echo \"error: The sandbox is not in sync with the Podfile.lock. Run 'pod install' or update your CocoaPods installation.\" >&2\n    exit 1\nfi\n";
			showEnvVarsInLog = 0;
		};
		FEBCEB75FDF8768BE1963984 /* [CP] Embed Pods Frameworks */ = {
			isa = PBXShellScriptBuildPhase;
			buildActionMask = 2147483647;
			files = (
			);
			inputPaths = (
			);
			name = "[CP] Embed Pods Frameworks";
			outputPaths = (
			);
			runOnlyForDeploymentPostprocessing = 0;
			shellPath = /bin/sh;
			shellScript = "\"${SRCROOT}/Pods/Target Support Files/Pods-AppodealTestingUITests/Pods-AppodealTestingUITests-frameworks.sh\"\n";
			showEnvVarsInLog = 0;
		};
/* End PBXShellScriptBuildPhase section */

/* Begin PBXSourcesBuildPhase section */
		ED90582C1F27BBEB00AE3059 /* Sources */ = {
			isa = PBXSourcesBuildPhase;
			buildActionMask = 2147483647;
			files = (
				8426F6181F2CB40300B3B5D3 /* GameBriefData.m in Sources */,
				ED90586B1F27BFD200AE3059 /* CollectionViewController.m in Sources */,
				ED90583B1F27BBEB00AE3059 /* ViewController.m in Sources */,
				8426F6241F2D17C300B3B5D3 /* GameShowViewController.m in Sources */,
				8426F61B1F2CB57B00B3B5D3 /* GameCell.m in Sources */,
				ED9058381F27BBEB00AE3059 /* AppDelegate.m in Sources */,
				84FA40C81F2E11CD0028875E /* igdbAPIConnection.m in Sources */,
				ED9058351F27BBEB00AE3059 /* main.m in Sources */,
			);
			runOnlyForDeploymentPostprocessing = 0;
		};
		ED9058451F27BBEB00AE3059 /* Sources */ = {
			isa = PBXSourcesBuildPhase;
			buildActionMask = 2147483647;
			files = (
				ED90584E1F27BBEB00AE3059 /* AppodealTestingTests.m in Sources */,
			);
			runOnlyForDeploymentPostprocessing = 0;
		};
		ED9058501F27BBEB00AE3059 /* Sources */ = {
			isa = PBXSourcesBuildPhase;
			buildActionMask = 2147483647;
			files = (
				ED9058591F27BBEB00AE3059 /* AppodealTestingUITests.m in Sources */,
			);
			runOnlyForDeploymentPostprocessing = 0;
		};
/* End PBXSourcesBuildPhase section */

/* Begin PBXTargetDependency section */
		ED90584B1F27BBEB00AE3059 /* PBXTargetDependency */ = {
			isa = PBXTargetDependency;
			target = ED90582F1F27BBEB00AE3059 /* AppodealTesting */;
			targetProxy = ED90584A1F27BBEB00AE3059 /* PBXContainerItemProxy */;
		};
		ED9058561F27BBEB00AE3059 /* PBXTargetDependency */ = {
			isa = PBXTargetDependency;
			target = ED90582F1F27BBEB00AE3059 /* AppodealTesting */;
			targetProxy = ED9058551F27BBEB00AE3059 /* PBXContainerItemProxy */;
		};
/* End PBXTargetDependency section */

/* Begin PBXVariantGroup section */
		ED90583C1F27BBEB00AE3059 /* Main.storyboard */ = {
			isa = PBXVariantGroup;
			children = (
				ED90583D1F27BBEB00AE3059 /* Base */,
			);
			name = Main.storyboard;
			sourceTree = "<group>";
		};
		ED9058411F27BBEB00AE3059 /* LaunchScreen.storyboard */ = {
			isa = PBXVariantGroup;
			children = (
				ED9058421F27BBEB00AE3059 /* Base */,
			);
			name = LaunchScreen.storyboard;
			sourceTree = "<group>";
		};
/* End PBXVariantGroup section */

/* Begin XCBuildConfiguration section */
		ED90585B1F27BBEB00AE3059 /* Debug */ = {
			isa = XCBuildConfiguration;
			buildSettings = {
				ALWAYS_SEARCH_USER_PATHS = NO;
				CLANG_ANALYZER_NONNULL = YES;
				CLANG_ANALYZER_NUMBER_OBJECT_CONVERSION = YES_AGGRESSIVE;
				CLANG_CXX_LANGUAGE_STANDARD = "gnu++0x";
				CLANG_CXX_LIBRARY = "libc++";
				CLANG_ENABLE_MODULES = YES;
				CLANG_ENABLE_OBJC_ARC = YES;
				CLANG_WARN_BOOL_CONVERSION = YES;
				CLANG_WARN_CONSTANT_CONVERSION = YES;
				CLANG_WARN_DIRECT_OBJC_ISA_USAGE = YES_ERROR;
				CLANG_WARN_DOCUMENTATION_COMMENTS = YES;
				CLANG_WARN_EMPTY_BODY = YES;
				CLANG_WARN_ENUM_CONVERSION = YES;
				CLANG_WARN_INFINITE_RECURSION = YES;
				CLANG_WARN_INT_CONVERSION = YES;
				CLANG_WARN_OBJC_ROOT_CLASS = YES_ERROR;
				CLANG_WARN_SUSPICIOUS_MOVE = YES;
				CLANG_WARN_UNREACHABLE_CODE = YES;
				CLANG_WARN__DUPLICATE_METHOD_MATCH = YES;
				"CODE_SIGN_IDENTITY[sdk=iphoneos*]" = "iPhone Developer";
				COPY_PHASE_STRIP = NO;
				DEBUG_INFORMATION_FORMAT = dwarf;
				ENABLE_STRICT_OBJC_MSGSEND = YES;
				ENABLE_TESTABILITY = YES;
				GCC_C_LANGUAGE_STANDARD = gnu99;
				GCC_DYNAMIC_NO_PIC = NO;
				GCC_NO_COMMON_BLOCKS = YES;
				GCC_OPTIMIZATION_LEVEL = 0;
				GCC_PREPROCESSOR_DEFINITIONS = (
					"DEBUG=1",
					"$(inherited)",
				);
				GCC_WARN_64_TO_32_BIT_CONVERSION = YES;
				GCC_WARN_ABOUT_RETURN_TYPE = YES_ERROR;
				GCC_WARN_UNDECLARED_SELECTOR = YES;
				GCC_WARN_UNINITIALIZED_AUTOS = YES_AGGRESSIVE;
				GCC_WARN_UNUSED_FUNCTION = YES;
				GCC_WARN_UNUSED_VARIABLE = YES;
				IPHONEOS_DEPLOYMENT_TARGET = 10.3;
				MTL_ENABLE_DEBUG_INFO = YES;
				ONLY_ACTIVE_ARCH = YES;
				SDKROOT = iphoneos;
			};
			name = Debug;
		};
		ED90585C1F27BBEB00AE3059 /* Release */ = {
			isa = XCBuildConfiguration;
			buildSettings = {
				ALWAYS_SEARCH_USER_PATHS = NO;
				CLANG_ANALYZER_NONNULL = YES;
				CLANG_ANALYZER_NUMBER_OBJECT_CONVERSION = YES_AGGRESSIVE;
				CLANG_CXX_LANGUAGE_STANDARD = "gnu++0x";
				CLANG_CXX_LIBRARY = "libc++";
				CLANG_ENABLE_MODULES = YES;
				CLANG_ENABLE_OBJC_ARC = YES;
				CLANG_WARN_BOOL_CONVERSION = YES;
				CLANG_WARN_CONSTANT_CONVERSION = YES;
				CLANG_WARN_DIRECT_OBJC_ISA_USAGE = YES_ERROR;
				CLANG_WARN_DOCUMENTATION_COMMENTS = YES;
				CLANG_WARN_EMPTY_BODY = YES;
				CLANG_WARN_ENUM_CONVERSION = YES;
				CLANG_WARN_INFINITE_RECURSION = YES;
				CLANG_WARN_INT_CONVERSION = YES;
				CLANG_WARN_OBJC_ROOT_CLASS = YES_ERROR;
				CLANG_WARN_SUSPICIOUS_MOVE = YES;
				CLANG_WARN_UNREACHABLE_CODE = YES;
				CLANG_WARN__DUPLICATE_METHOD_MATCH = YES;
				"CODE_SIGN_IDENTITY[sdk=iphoneos*]" = "iPhone Developer";
				COPY_PHASE_STRIP = NO;
				DEBUG_INFORMATION_FORMAT = "dwarf-with-dsym";
				ENABLE_NS_ASSERTIONS = NO;
				ENABLE_STRICT_OBJC_MSGSEND = YES;
				GCC_C_LANGUAGE_STANDARD = gnu99;
				GCC_NO_COMMON_BLOCKS = YES;
				GCC_WARN_64_TO_32_BIT_CONVERSION = YES;
				GCC_WARN_ABOUT_RETURN_TYPE = YES_ERROR;
				GCC_WARN_UNDECLARED_SELECTOR = YES;
				GCC_WARN_UNINITIALIZED_AUTOS = YES_AGGRESSIVE;
				GCC_WARN_UNUSED_FUNCTION = YES;
				GCC_WARN_UNUSED_VARIABLE = YES;
				IPHONEOS_DEPLOYMENT_TARGET = 10.3;
				MTL_ENABLE_DEBUG_INFO = NO;
				SDKROOT = iphoneos;
				VALIDATE_PRODUCT = YES;
			};
			name = Release;
		};
		ED90585E1F27BBEB00AE3059 /* Debug */ = {
			isa = XCBuildConfiguration;
			baseConfigurationReference = 36DFE9B2E8EB5774AE3DDC12 /* Pods-AppodealTesting.debug.xcconfig */;
			buildSettings = {
				ASSETCATALOG_COMPILER_APPICON_NAME = AppIcon;
				INFOPLIST_FILE = AppodealTesting/Info.plist;
				LD_RUNPATH_SEARCH_PATHS = "$(inherited) @executable_path/Frameworks";
				PRODUCT_BUNDLE_IDENTIFIER = com.appodeal.sandbox;
				PRODUCT_NAME = "$(TARGET_NAME)";
			};
			name = Debug;
		};
		ED90585F1F27BBEB00AE3059 /* Release */ = {
			isa = XCBuildConfiguration;
			baseConfigurationReference = BA389C4BF16F742FFE1BD5D6 /* Pods-AppodealTesting.release.xcconfig */;
			buildSettings = {
				ASSETCATALOG_COMPILER_APPICON_NAME = AppIcon;
				INFOPLIST_FILE = AppodealTesting/Info.plist;
				LD_RUNPATH_SEARCH_PATHS = "$(inherited) @executable_path/Frameworks";
				PRODUCT_BUNDLE_IDENTIFIER = com.appodeal.sandbox;
				PRODUCT_NAME = "$(TARGET_NAME)";
			};
			name = Release;
		};
		ED9058611F27BBEB00AE3059 /* Debug */ = {
			isa = XCBuildConfiguration;
			baseConfigurationReference = 11BCA738B26E224B441A3628 /* Pods-AppodealTestingTests.debug.xcconfig */;
			buildSettings = {
				BUNDLE_LOADER = "$(TEST_HOST)";
				INFOPLIST_FILE = AppodealTestingTests/Info.plist;
				LD_RUNPATH_SEARCH_PATHS = "$(inherited) @executable_path/Frameworks @loader_path/Frameworks";
				PRODUCT_BUNDLE_IDENTIFIER = appodeal.AppodealTestingTests;
				PRODUCT_NAME = "$(TARGET_NAME)";
				TEST_HOST = "$(BUILT_PRODUCTS_DIR)/AppodealTesting.app/AppodealTesting";
			};
			name = Debug;
		};
		ED9058621F27BBEB00AE3059 /* Release */ = {
			isa = XCBuildConfiguration;
			baseConfigurationReference = 0F1F7B8F4E9BF02BC01DA62F /* Pods-AppodealTestingTests.release.xcconfig */;
			buildSettings = {
				BUNDLE_LOADER = "$(TEST_HOST)";
				INFOPLIST_FILE = AppodealTestingTests/Info.plist;
				LD_RUNPATH_SEARCH_PATHS = "$(inherited) @executable_path/Frameworks @loader_path/Frameworks";
				PRODUCT_BUNDLE_IDENTIFIER = appodeal.AppodealTestingTests;
				PRODUCT_NAME = "$(TARGET_NAME)";
				TEST_HOST = "$(BUILT_PRODUCTS_DIR)/AppodealTesting.app/AppodealTesting";
			};
			name = Release;
		};
		ED9058641F27BBEB00AE3059 /* Debug */ = {
			isa = XCBuildConfiguration;
			baseConfigurationReference = EA90216289CF008D970EEEC7 /* Pods-AppodealTestingUITests.debug.xcconfig */;
			buildSettings = {
				INFOPLIST_FILE = AppodealTestingUITests/Info.plist;
				LD_RUNPATH_SEARCH_PATHS = "$(inherited) @executable_path/Frameworks @loader_path/Frameworks";
				PRODUCT_BUNDLE_IDENTIFIER = appodeal.AppodealTestingUITests;
				PRODUCT_NAME = "$(TARGET_NAME)";
				TEST_TARGET_NAME = AppodealTesting;
			};
			name = Debug;
		};
		ED9058651F27BBEB00AE3059 /* Release */ = {
			isa = XCBuildConfiguration;
			baseConfigurationReference = F88B9C8F28D11F9C257A204C /* Pods-AppodealTestingUITests.release.xcconfig */;
			buildSettings = {
				INFOPLIST_FILE = AppodealTestingUITests/Info.plist;
				LD_RUNPATH_SEARCH_PATHS = "$(inherited) @executable_path/Frameworks @loader_path/Frameworks";
				PRODUCT_BUNDLE_IDENTIFIER = appodeal.AppodealTestingUITests;
				PRODUCT_NAME = "$(TARGET_NAME)";
				TEST_TARGET_NAME = AppodealTesting;
			};
			name = Release;
		};
/* End XCBuildConfiguration section */

/* Begin XCConfigurationList section */
		ED90582B1F27BBEB00AE3059 /* Build configuration list for PBXProject "AppodealTesting" */ = {
			isa = XCConfigurationList;
			buildConfigurations = (
				ED90585B1F27BBEB00AE3059 /* Debug */,
				ED90585C1F27BBEB00AE3059 /* Release */,
			);
			defaultConfigurationIsVisible = 0;
			defaultConfigurationName = Release;
		};
		ED90585D1F27BBEB00AE3059 /* Build configuration list for PBXNativeTarget "AppodealTesting" */ = {
			isa = XCConfigurationList;
			buildConfigurations = (
				ED90585E1F27BBEB00AE3059 /* Debug */,
				ED90585F1F27BBEB00AE3059 /* Release */,
			);
			defaultConfigurationIsVisible = 0;
			defaultConfigurationName = Release;
		};
		ED9058601F27BBEB00AE3059 /* Build configuration list for PBXNativeTarget "AppodealTestingTests" */ = {
			isa = XCConfigurationList;
			buildConfigurations = (
				ED9058611F27BBEB00AE3059 /* Debug */,
				ED9058621F27BBEB00AE3059 /* Release */,
			);
			defaultConfigurationIsVisible = 0;
			defaultConfigurationName = Release;
		};
		ED9058631F27BBEB00AE3059 /* Build configuration list for PBXNativeTarget "AppodealTestingUITests" */ = {
			isa = XCConfigurationList;
			buildConfigurations = (
				ED9058641F27BBEB00AE3059 /* Debug */,
				ED9058651F27BBEB00AE3059 /* Release */,
			);
			defaultConfigurationIsVisible = 0;
			defaultConfigurationName = Release;
		};
/* End XCConfigurationList section */
	};
	rootObject = ED9058281F27BBEB00AE3059 /* Project object */;
}
